PODS:
  - MediaKeyTap (2.2.1)
  - Sparkle (1.26.0)

DEPENDENCIES:
  - MediaKeyTap
  - Sparkle

SPEC REPOS:
  trunk:
    - MediaKeyTap
    - Sparkle

SPEC CHECKSUMS:
  MediaKeyTap: 737434cc2459e5fb9385f7e8974939ee833cd8ec
  Sparkle: d56d028f4b0c123577825f5d1004f6140d77f90e

PODFILE CHECKSUM: 1f0420489f3131f18655429c3a9540b737f3f37b

COCOAPODS: 1.10.1
