// !$*UTF8*$!
{
	archiveVersion = 1;
	classes = {
	};
	objectVersion = 51;
	objects = {

/* Begin PBXBuildFile section */
		2802617720EE629A001FDDCC /* ViewController + MediaKeys.swift in Sources */ = {isa = PBXBuildFile; fileRef = 2802617620EE629A001FDDCC /* ViewController + MediaKeys.swift */; };
		2802617920EE71C6001FDDCC /* observer.js in Resources */ = {isa = PBXBuildFile; fileRef = 2802617820EE71C6001FDDCC /* observer.js */; };
		2802617B20EE802B001FDDCC /* MediaCenter.swift in Sources */ = {isa = PBXBuildFile; fileRef = 2802617A20EE802B001FDDCC /* MediaCenter.swift */; };
		2818F51420F54D27006CEBB4 /* MediaPlayer.framework in Frameworks */ = {isa = PBXBuildFile; fileRef = 2818F51320F54D27006CEBB4 /* MediaPlayer.framework */; settings = {ATTRIBUTES = (Weak, ); }; };
		281CB55620F516110050D26D /* silence.mp3 in Resources */ = {isa = PBXBuildFile; fileRef = 281CB55520F516100050D26D /* silence.mp3 */; };
		281F979920E9588A0033D930 /* WindowMovableView.swift in Sources */ = {isa = PBXBuildFile; fileRef = 281F979820E9588A0033D930 /* WindowMovableView.swift */; };
		286AD73F20D9061400B2F45F /* custom.css in Resources */ = {isa = PBXBuildFile; fileRef = 286AD73E20D9061400B2F45F /* custom.css */; };
		286AD74120D909AB00B2F45F /* CustomWebView.swift in Sources */ = {isa = PBXBuildFile; fileRef = 286AD74020D909AB00B2F45F /* CustomWebView.swift */; };
		286AD74320D90E1B00B2F45F /* CustomWindow.swift in Sources */ = {isa = PBXBuildFile; fileRef = 286AD74220D90E1B00B2F45F /* CustomWindow.swift */; };
		28DA92B620D90169004B2A6D /* AppDelegate.swift in Sources */ = {isa = PBXBuildFile; fileRef = 28DA92B520D90169004B2A6D /* AppDelegate.swift */; };
		28DA92B820D90169004B2A6D /* ViewController.swift in Sources */ = {isa = PBXBuildFile; fileRef = 28DA92B720D90169004B2A6D /* ViewController.swift */; };
		28DA92BA20D9016A004B2A6D /* Assets.xcassets in Resources */ = {isa = PBXBuildFile; fileRef = 28DA92B920D9016A004B2A6D /* Assets.xcassets */; };
		28DA92BD20D9016A004B2A6D /* Main.storyboard in Resources */ = {isa = PBXBuildFile; fileRef = 28DA92BB20D9016A004B2A6D /* Main.storyboard */; };
		E124CBA662E3C5391F6A7C3A /* libPods-YT Music.a in Frameworks */ = {isa = PBXBuildFile; fileRef = B502697EC1DACD935D3BC240 /* libPods-YT Music.a */; };
/* End PBXBuildFile section */

/* Begin PBXCopyFilesBuildPhase section */
		28BB690F20EA575600BD3AD6 /* CopyFiles */ = {
			isa = PBXCopyFilesBuildPhase;
			buildActionMask = 2147483647;
			dstPath = "";
			dstSubfolderSpec = 10;
			files = (
			);
			runOnlyForDeploymentPostprocessing = 0;
		};
/* End PBXCopyFilesBuildPhase section */

/* Begin PBXFileReference section */
		2802617620EE629A001FDDCC /* ViewController + MediaKeys.swift */ = {isa = PBXFileReference; lastKnownFileType = sourcecode.swift; path = "ViewController + MediaKeys.swift"; sourceTree = "<group>"; };
		2802617820EE71C6001FDDCC /* observer.js */ = {isa = PBXFileReference; lastKnownFileType = sourcecode.javascript; path = observer.js; sourceTree = "<group>"; };
		2802617A20EE802B001FDDCC /* MediaCenter.swift */ = {isa = PBXFileReference; lastKnownFileType = sourcecode.swift; path = MediaCenter.swift; sourceTree = "<group>"; };
		2818F51320F54D27006CEBB4 /* MediaPlayer.framework */ = {isa = PBXFileReference; lastKnownFileType = wrapper.framework; name = MediaPlayer.framework; path = System/Library/Frameworks/MediaPlayer.framework; sourceTree = SDKROOT; };
		281CB55520F516100050D26D /* silence.mp3 */ = {isa = PBXFileReference; lastKnownFileType = audio.mp3; path = silence.mp3; sourceTree = "<group>"; };
		281F979820E9588A0033D930 /* WindowMovableView.swift */ = {isa = PBXFileReference; lastKnownFileType = sourcecode.swift; path = WindowMovableView.swift; sourceTree = "<group>"; };
		286AD73E20D9061400B2F45F /* custom.css */ = {isa = PBXFileReference; lastKnownFileType = text.css; path = custom.css; sourceTree = "<group>"; };
		286AD74020D909AB00B2F45F /* CustomWebView.swift */ = {isa = PBXFileReference; lastKnownFileType = sourcecode.swift; path = CustomWebView.swift; sourceTree = "<group>"; };
		286AD74220D90E1B00B2F45F /* CustomWindow.swift */ = {isa = PBXFileReference; lastKnownFileType = sourcecode.swift; path = CustomWindow.swift; sourceTree = "<group>"; };
		288C970E20D91A8B001672E1 /* YT Music.entitlements */ = {isa = PBXFileReference; lastKnownFileType = text.plist.entitlements; path = "YT Music.entitlements"; sourceTree = "<group>"; };
		28DA92B220D90169004B2A6D /* YT Music.app */ = {isa = PBXFileReference; explicitFileType = wrapper.application; includeInIndex = 0; path = "YT Music.app"; sourceTree = BUILT_PRODUCTS_DIR; };
		28DA92B520D90169004B2A6D /* AppDelegate.swift */ = {isa = PBXFileReference; lastKnownFileType = sourcecode.swift; path = AppDelegate.swift; sourceTree = "<group>"; };
		28DA92B720D90169004B2A6D /* ViewController.swift */ = {isa = PBXFileReference; lastKnownFileType = sourcecode.swift; path = ViewController.swift; sourceTree = "<group>"; };
		28DA92B920D9016A004B2A6D /* Assets.xcassets */ = {isa = PBXFileReference; lastKnownFileType = folder.assetcatalog; path = Assets.xcassets; sourceTree = "<group>"; };
		28DA92BC20D9016A004B2A6D /* Base */ = {isa = PBXFileReference; lastKnownFileType = file.storyboard; name = Base; path = Base.lproj/Main.storyboard; sourceTree = "<group>"; };
		28DA92BE20D9016A004B2A6D /* Info.plist */ = {isa = PBXFileReference; lastKnownFileType = text.plist.xml; path = Info.plist; sourceTree = "<group>"; };
		5AED565561146EAC97AC8F55 /* Pods-YT Music.debug.xcconfig */ = {isa = PBXFileReference; includeInIndex = 1; lastKnownFileType = text.xcconfig; name = "Pods-YT Music.debug.xcconfig"; path = "Pods/Target Support Files/Pods-YT Music/Pods-YT Music.debug.xcconfig"; sourceTree = "<group>"; };
		B502697EC1DACD935D3BC240 /* libPods-YT Music.a */ = {isa = PBXFileReference; explicitFileType = archive.ar; includeInIndex = 0; path = "libPods-YT Music.a"; sourceTree = BUILT_PRODUCTS_DIR; };
		DF9D316F37D878F34D8107B0 /* Pods-YT Music.release.xcconfig */ = {isa = PBXFileReference; includeInIndex = 1; lastKnownFileType = text.xcconfig; name = "Pods-YT Music.release.xcconfig"; path = "Pods/Target Support Files/Pods-YT Music/Pods-YT Music.release.xcconfig"; sourceTree = "<group>"; };
/* End PBXFileReference section */

/* Begin PBXFrameworksBuildPhase section */
		28DA92AF20D90169004B2A6D /* Frameworks */ = {
			isa = PBXFrameworksBuildPhase;
			buildActionMask = 2147483647;
			files = (
				2818F51420F54D27006CEBB4 /* MediaPlayer.framework in Frameworks */,
				E124CBA662E3C5391F6A7C3A /* libPods-YT Music.a in Frameworks */,
			);
			runOnlyForDeploymentPostprocessing = 0;
		};
/* End PBXFrameworksBuildPhase section */

/* Begin PBXGroup section */
		2802617420EE6260001FDDCC /* Controllers */ = {
			isa = PBXGroup;
			children = (
				28DA92B720D90169004B2A6D /* ViewController.swift */,
				2802617620EE629A001FDDCC /* ViewController + MediaKeys.swift */,
				2802617A20EE802B001FDDCC /* MediaCenter.swift */,
			);
			path = Controllers;
			sourceTree = "<group>";
		};
		2802617520EE6271001FDDCC /* Supporting Files */ = {
			isa = PBXGroup;
			children = (
				281CB55520F516100050D26D /* silence.mp3 */,
				286AD73E20D9061400B2F45F /* custom.css */,
				2802617820EE71C6001FDDCC /* observer.js */,
				28DA92B920D9016A004B2A6D /* Assets.xcassets */,
			);
			path = "Supporting Files";
			sourceTree = "<group>";
		};
		281F979A20E958C00033D930 /* Views */ = {
			isa = PBXGroup;
			children = (
				286AD74020D909AB00B2F45F /* CustomWebView.swift */,
				286AD74220D90E1B00B2F45F /* CustomWindow.swift */,
				281F979820E9588A0033D930 /* WindowMovableView.swift */,
			);
			path = Views;
			sourceTree = "<group>";
		};
		28DA92A920D90169004B2A6D = {
			isa = PBXGroup;
			children = (
				28DA92B420D90169004B2A6D /* YT Music */,
				28DA92B320D90169004B2A6D /* Products */,
				D39C08024CED06FDA1C50BFF /* Pods */,
				320842A7457275F8A861430A /* Frameworks */,
			);
			sourceTree = "<group>";
		};
		28DA92B320D90169004B2A6D /* Products */ = {
			isa = PBXGroup;
			children = (
				28DA92B220D90169004B2A6D /* YT Music.app */,
			);
			name = Products;
			sourceTree = "<group>";
		};
		28DA92B420D90169004B2A6D /* YT Music */ = {
			isa = PBXGroup;
			children = (
				288C970E20D91A8B001672E1 /* YT Music.entitlements */,
				2802617520EE6271001FDDCC /* Supporting Files */,
				281F979A20E958C00033D930 /* Views */,
				2802617420EE6260001FDDCC /* Controllers */,
				28DA92B520D90169004B2A6D /* AppDelegate.swift */,
				28DA92BB20D9016A004B2A6D /* Main.storyboard */,
				28DA92BE20D9016A004B2A6D /* Info.plist */,
			);
			path = "YT Music";
			sourceTree = "<group>";
		};
		320842A7457275F8A861430A /* Frameworks */ = {
			isa = PBXGroup;
			children = (
				2818F51320F54D27006CEBB4 /* MediaPlayer.framework */,
				B502697EC1DACD935D3BC240 /* libPods-YT Music.a */,
			);
			name = Frameworks;
			sourceTree = "<group>";
		};
		D39C08024CED06FDA1C50BFF /* Pods */ = {
			isa = PBXGroup;
			children = (
				5AED565561146EAC97AC8F55 /* Pods-YT Music.debug.xcconfig */,
				DF9D316F37D878F34D8107B0 /* Pods-YT Music.release.xcconfig */,
			);
			name = Pods;
			sourceTree = "<group>";
		};
/* End PBXGroup section */

/* Begin PBXNativeTarget section */
		28DA92B120D90169004B2A6D /* YT Music */ = {
			isa = PBXNativeTarget;
			buildConfigurationList = 28DA92C220D9016A004B2A6D /* Build configuration list for PBXNativeTarget "YT Music" */;
			buildPhases = (
				3D779BB31E18C0949F71416E /* [CP] Check Pods Manifest.lock */,
				28DA92AE20D90169004B2A6D /* Sources */,
				28DA92AF20D90169004B2A6D /* Frameworks */,
				28DA92B020D90169004B2A6D /* Resources */,
				197CCBA018FB601CA041E877 /* [CP] Embed Pods Frameworks */,
				28BB690F20EA575600BD3AD6 /* CopyFiles */,
				2229F9C5263080BE007AFF02 /* Sign Sparkle Autoupdate Binary */,
			);
			buildRules = (
			);
			dependencies = (
			);
			name = "YT Music";
			productName = "YT Music";
			productReference = 28DA92B220D90169004B2A6D /* YT Music.app */;
			productType = "com.apple.product-type.application";
		};
/* End PBXNativeTarget section */

/* Begin PBXProject section */
		28DA92AA20D90169004B2A6D /* Project object */ = {
			isa = PBXProject;
			attributes = {
				LastSwiftUpdateCheck = 1000;
				LastUpgradeCheck = 1000;
				ORGANIZATIONNAME = "Cocoon Development Ltd";
				TargetAttributes = {
					28DA92B120D90169004B2A6D = {
						CreatedOnToolsVersion = 10.0;
						LastSwiftMigration = 1240;
						SystemCapabilities = {
							com.apple.Sandbox = {
								enabled = 0;
							};
						};
					};
				};
			};
			buildConfigurationList = 28DA92AD20D90169004B2A6D /* Build configuration list for PBXProject "YT Music" */;
			compatibilityVersion = "Xcode 9.3";
			developmentRegion = en;
			hasScannedForEncodings = 0;
			knownRegions = (
				en,
				Base,
			);
			mainGroup = 28DA92A920D90169004B2A6D;
			productRefGroup = 28DA92B320D90169004B2A6D /* Products */;
			projectDirPath = "";
			projectRoot = "";
			targets = (
				28DA92B120D90169004B2A6D /* YT Music */,
			);
		};
/* End PBXProject section */

/* Begin PBXResourcesBuildPhase section */
		28DA92B020D90169004B2A6D /* Resources */ = {
			isa = PBXResourcesBuildPhase;
			buildActionMask = 2147483647;
			files = (
				281CB55620F516110050D26D /* silence.mp3 in Resources */,
				286AD73F20D9061400B2F45F /* custom.css in Resources */,
				28DA92BA20D9016A004B2A6D /* Assets.xcassets in Resources */,
				2802617920EE71C6001FDDCC /* observer.js in Resources */,
				28DA92BD20D9016A004B2A6D /* Main.storyboard in Resources */,
			);
			runOnlyForDeploymentPostprocessing = 0;
		};
/* End PBXResourcesBuildPhase section */

/* Begin PBXShellScriptBuildPhase section */
		197CCBA018FB601CA041E877 /* [CP] Embed Pods Frameworks */ = {
			isa = PBXShellScriptBuildPhase;
			buildActionMask = 2147483647;
			files = (
			);
			inputFileListPaths = (
				"${PODS_ROOT}/Target Support Files/Pods-YT Music/Pods-YT Music-frameworks-${CONFIGURATION}-input-files.xcfilelist",
			);
			name = "[CP] Embed Pods Frameworks";
			outputFileListPaths = (
				"${PODS_ROOT}/Target Support Files/Pods-YT Music/Pods-YT Music-frameworks-${CONFIGURATION}-output-files.xcfilelist",
			);
			runOnlyForDeploymentPostprocessing = 0;
			shellPath = /bin/sh;
			shellScript = "\"${PODS_ROOT}/Target Support Files/Pods-YT Music/Pods-YT Music-frameworks.sh\"\n";
			showEnvVarsInLog = 0;
		};
		2229F9C5263080BE007AFF02 /* Sign Sparkle Autoupdate Binary */ = {
			isa = PBXShellScriptBuildPhase;
			buildActionMask = 2147483647;
			files = (
			);
			inputFileListPaths = (
			);
			inputPaths = (
			);
			name = "Sign Sparkle Autoupdate Binary";
			outputFileListPaths = (
			);
			outputPaths = (
			);
			runOnlyForDeploymentPostprocessing = 0;
			shellPath = /bin/sh;
			shellScript = "LOCATION=\"${BUILT_PRODUCTS_DIR}\"/\"${FRAMEWORKS_FOLDER_PATH}\"\nIDENTITY=${EXPANDED_CODE_SIGN_IDENTITY_NAME}\n\ncodesign --verbose --force --deep -o runtime --sign \"$IDENTITY\" \"$LOCATION/Sparkle.framework/Versions/A/Resources/AutoUpdate.app\"\ncodesign --verbose --force -o runtime --sign \"$IDENTITY\" \"$LOCATION/Sparkle.framework/Versions/A\"\n";
		};
		3D779BB31E18C0949F71416E /* [CP] Check Pods Manifest.lock */ = {
			isa = PBXShellScriptBuildPhase;
			buildActionMask = 2147483647;
			files = (
			);
			inputPaths = (
				"${PODS_PODFILE_DIR_PATH}/Podfile.lock",
				"${PODS_ROOT}/Manifest.lock",
			);
			name = "[CP] Check Pods Manifest.lock";
			outputPaths = (
				"$(DERIVED_FILE_DIR)/Pods-YT Music-checkManifestLockResult.txt",
			);
			runOnlyForDeploymentPostprocessing = 0;
			shellPath = /bin/sh;
			shellScript = "diff \"${PODS_PODFILE_DIR_PATH}/Podfile.lock\" \"${PODS_ROOT}/Manifest.lock\" > /dev/null\nif [ $? != 0 ] ; then\n    # print error to STDERR\n    echo \"error: The sandbox is not in sync with the Podfile.lock. Run 'pod install' or update your CocoaPods installation.\" >&2\n    exit 1\nfi\n# This output is used by Xcode 'outputs' to avoid re-running this script phase.\necho \"SUCCESS\" > \"${SCRIPT_OUTPUT_FILE_0}\"\n";
			showEnvVarsInLog = 0;
		};
/* End PBXShellScriptBuildPhase section */

/* Begin PBXSourcesBuildPhase section */
		28DA92AE20D90169004B2A6D /* Sources */ = {
			isa = PBXSourcesBuildPhase;
			buildActionMask = 2147483647;
			files = (
				2802617720EE629A001FDDCC /* ViewController + MediaKeys.swift in Sources */,
				286AD74320D90E1B00B2F45F /* CustomWindow.swift in Sources */,
				281F979920E9588A0033D930 /* WindowMovableView.swift in Sources */,
				2802617B20EE802B001FDDCC /* MediaCenter.swift in Sources */,
				28DA92B820D90169004B2A6D /* ViewController.swift in Sources */,
				28DA92B620D90169004B2A6D /* AppDelegate.swift in Sources */,
				286AD74120D909AB00B2F45F /* CustomWebView.swift in Sources */,
			);
			runOnlyForDeploymentPostprocessing = 0;
		};
/* End PBXSourcesBuildPhase section */

/* Begin PBXVariantGroup section */
		28DA92BB20D9016A004B2A6D /* Main.storyboard */ = {
			isa = PBXVariantGroup;
			children = (
				28DA92BC20D9016A004B2A6D /* Base */,
			);
			name = Main.storyboard;
			sourceTree = "<group>";
		};
/* End PBXVariantGroup section */

/* Begin XCBuildConfiguration section */
		28DA92C020D9016A004B2A6D /* Debug */ = {
			isa = XCBuildConfiguration;
			buildSettings = {
				ALWAYS_SEARCH_USER_PATHS = NO;
				CLANG_ANALYZER_NONNULL = YES;
				CLANG_ANALYZER_NUMBER_OBJECT_CONVERSION = YES_AGGRESSIVE;
				CLANG_CXX_LANGUAGE_STANDARD = "gnu++14";
				CLANG_CXX_LIBRARY = "libc++";
				CLANG_ENABLE_MODULES = YES;
				CLANG_ENABLE_OBJC_ARC = YES;
				CLANG_ENABLE_OBJC_WEAK = YES;
				CLANG_WARN_BLOCK_CAPTURE_AUTORELEASING = YES;
				CLANG_WARN_BOOL_CONVERSION = YES;
				CLANG_WARN_COMMA = YES;
				CLANG_WARN_CONSTANT_CONVERSION = YES;
				CLANG_WARN_DEPRECATED_OBJC_IMPLEMENTATIONS = YES;
				CLANG_WARN_DIRECT_OBJC_ISA_USAGE = YES_ERROR;
				CLANG_WARN_DOCUMENTATION_COMMENTS = YES;
				CLANG_WARN_EMPTY_BODY = YES;
				CLANG_WARN_ENUM_CONVERSION = YES;
				CLANG_WARN_INFINITE_RECURSION = YES;
				CLANG_WARN_INT_CONVERSION = YES;
				CLANG_WARN_NON_LITERAL_NULL_CONVERSION = YES;
				CLANG_WARN_OBJC_IMPLICIT_RETAIN_SELF = YES;
				CLANG_WARN_OBJC_LITERAL_CONVERSION = YES;
				CLANG_WARN_OBJC_ROOT_CLASS = YES_ERROR;
				CLANG_WARN_RANGE_LOOP_ANALYSIS = YES;
				CLANG_WARN_STRICT_PROTOTYPES = YES;
				CLANG_WARN_SUSPICIOUS_MOVE = YES;
				CLANG_WARN_UNGUARDED_AVAILABILITY = YES_AGGRESSIVE;
				CLANG_WARN_UNREACHABLE_CODE = YES;
				CLANG_WARN__DUPLICATE_METHOD_MATCH = YES;
				CODE_SIGN_IDENTITY = "Mac Developer";
				COPY_PHASE_STRIP = NO;
				DEBUG_INFORMATION_FORMAT = dwarf;
				ENABLE_STRICT_OBJC_MSGSEND = YES;
				ENABLE_TESTABILITY = YES;
				GCC_C_LANGUAGE_STANDARD = gnu11;
				GCC_DYNAMIC_NO_PIC = NO;
				GCC_NO_COMMON_BLOCKS = YES;
				GCC_OPTIMIZATION_LEVEL = 0;
				GCC_PREPROCESSOR_DEFINITIONS = (
					"DEBUG=1",
					"$(inherited)",
				);
				GCC_WARN_64_TO_32_BIT_CONVERSION = YES;
				GCC_WARN_ABOUT_RETURN_TYPE = YES_ERROR;
				GCC_WARN_UNDECLARED_SELECTOR = YES;
				GCC_WARN_UNINITIALIZED_AUTOS = YES_AGGRESSIVE;
				GCC_WARN_UNUSED_FUNCTION = YES;
				GCC_WARN_UNUSED_VARIABLE = YES;
				MACOSX_DEPLOYMENT_TARGET = 10.12;
				MTL_ENABLE_DEBUG_INFO = INCLUDE_SOURCE;
				ONLY_ACTIVE_ARCH = YES;
				SDKROOT = macosx;
				SWIFT_ACTIVE_COMPILATION_CONDITIONS = DEBUG;
				SWIFT_OPTIMIZATION_LEVEL = "-Onone";
			};
			name = Debug;
		};
		28DA92C120D9016A004B2A6D /* Release */ = {
			isa = XCBuildConfiguration;
			buildSettings = {
				ALWAYS_SEARCH_USER_PATHS = NO;
				CLANG_ANALYZER_NONNULL = YES;
				CLANG_ANALYZER_NUMBER_OBJECT_CONVERSION = YES_AGGRESSIVE;
				CLANG_CXX_LANGUAGE_STANDARD = "gnu++14";
				CLANG_CXX_LIBRARY = "libc++";
				CLANG_ENABLE_MODULES = YES;
				CLANG_ENABLE_OBJC_ARC = YES;
				CLANG_ENABLE_OBJC_WEAK = YES;
				CLANG_WARN_BLOCK_CAPTURE_AUTORELEASING = YES;
				CLANG_WARN_BOOL_CONVERSION = YES;
				CLANG_WARN_COMMA = YES;
				CLANG_WARN_CONSTANT_CONVERSION = YES;
				CLANG_WARN_DEPRECATED_OBJC_IMPLEMENTATIONS = YES;
				CLANG_WARN_DIRECT_OBJC_ISA_USAGE = YES_ERROR;
				CLANG_WARN_DOCUMENTATION_COMMENTS = YES;
				CLANG_WARN_EMPTY_BODY = YES;
				CLANG_WARN_ENUM_CONVERSION = YES;
				CLANG_WARN_INFINITE_RECURSION = YES;
				CLANG_WARN_INT_CONVERSION = YES;
				CLANG_WARN_NON_LITERAL_NULL_CONVERSION = YES;
				CLANG_WARN_OBJC_IMPLICIT_RETAIN_SELF = YES;
				CLANG_WARN_OBJC_LITERAL_CONVERSION = YES;
				CLANG_WARN_OBJC_ROOT_CLASS = YES_ERROR;
				CLANG_WARN_RANGE_LOOP_ANALYSIS = YES;
				CLANG_WARN_STRICT_PROTOTYPES = YES;
				CLANG_WARN_SUSPICIOUS_MOVE = YES;
				CLANG_WARN_UNGUARDED_AVAILABILITY = YES_AGGRESSIVE;
				CLANG_WARN_UNREACHABLE_CODE = YES;
				CLANG_WARN__DUPLICATE_METHOD_MATCH = YES;
				CODE_SIGN_IDENTITY = "Mac Developer";
				COPY_PHASE_STRIP = NO;
				DEBUG_INFORMATION_FORMAT = "dwarf-with-dsym";
				ENABLE_NS_ASSERTIONS = NO;
				ENABLE_STRICT_OBJC_MSGSEND = YES;
				GCC_C_LANGUAGE_STANDARD = gnu11;
				GCC_NO_COMMON_BLOCKS = YES;
				GCC_WARN_64_TO_32_BIT_CONVERSION = YES;
				GCC_WARN_ABOUT_RETURN_TYPE = YES_ERROR;
				GCC_WARN_UNDECLARED_SELECTOR = YES;
				GCC_WARN_UNINITIALIZED_AUTOS = YES_AGGRESSIVE;
				GCC_WARN_UNUSED_FUNCTION = YES;
				GCC_WARN_UNUSED_VARIABLE = YES;
				MACOSX_DEPLOYMENT_TARGET = 10.12;
				MTL_ENABLE_DEBUG_INFO = NO;
				SDKROOT = macosx;
				SWIFT_COMPILATION_MODE = wholemodule;
				SWIFT_OPTIMIZATION_LEVEL = "-O";
			};
			name = Release;
		};
		28DA92C320D9016A004B2A6D /* Debug */ = {
			isa = XCBuildConfiguration;
			baseConfigurationReference = 5AED565561146EAC97AC8F55 /* Pods-YT Music.debug.xcconfig */;
			buildSettings = {
				ASSETCATALOG_COMPILER_APPICON_NAME = AppIcon;
				CODE_SIGN_ENTITLEMENTS = "YT Music/YT MusicDebug.entitlements";
				CODE_SIGN_IDENTITY = "-";
				CODE_SIGN_STYLE = Manual;
				COMBINE_HIDPI_IMAGES = YES;
				DEVELOPMENT_TEAM = B598AEF9ZM;
				ENABLE_HARDENED_RUNTIME = YES;
				FRAMEWORK_SEARCH_PATHS = (
					"$(inherited)",
					"$(PROJECT_DIR)/YT\\ Music",
				);
				INFOPLIST_FILE = "YT Music/Info.plist";
				LD_RUNPATH_SEARCH_PATHS = (
					"$(inherited)",
					"@executable_path/../Frameworks",
				);
				MACOSX_DEPLOYMENT_TARGET = 10.11;
				PRODUCT_BUNDLE_IDENTIFIER = "uk.co.wearecocoon.YT-Music";
				PRODUCT_NAME = "$(TARGET_NAME)";
				PROVISIONING_PROFILE_SPECIFIER = "";
				SWIFT_VERSION = 5.0;
			};
			name = Debug;
		};
		28DA92C420D9016A004B2A6D /* Release */ = {
			isa = XCBuildConfiguration;
			baseConfigurationReference = DF9D316F37D878F34D8107B0 /* Pods-YT Music.release.xcconfig */;
			buildSettings = {
				ASSETCATALOG_COMPILER_APPICON_NAME = AppIcon;
				CODE_SIGN_ENTITLEMENTS = "YT Music/YT Music.entitlements";
				CODE_SIGN_IDENTITY = "Developer ID Application";
				CODE_SIGN_STYLE = Manual;
				COMBINE_HIDPI_IMAGES = YES;
				DEVELOPMENT_TEAM = B598AEF9ZM;
				ENABLE_HARDENED_RUNTIME = YES;
				FRAMEWORK_SEARCH_PATHS = (
					"$(inherited)",
					"$(PROJECT_DIR)/YT\\ Music",
				);
				INFOPLIST_FILE = "YT Music/Info.plist";
				LD_RUNPATH_SEARCH_PATHS = (
					"$(inherited)",
					"@executable_path/../Frameworks",
				);
				MACOSX_DEPLOYMENT_TARGET = 10.11;
				PRODUCT_BUNDLE_IDENTIFIER = "uk.co.wearecocoon.YT-Music";
				PRODUCT_NAME = "$(TARGET_NAME)";
				PROVISIONING_PROFILE_SPECIFIER = "";
				SWIFT_VERSION = 5.0;
			};
			name = Release;
		};
/* End XCBuildConfiguration section */

/* Begin XCConfigurationList section */
		28DA92AD20D90169004B2A6D /* Build configuration list for PBXProject "YT Music" */ = {
			isa = XCConfigurationList;
			buildConfigurations = (
				28DA92C020D9016A004B2A6D /* Debug */,
				28DA92C120D9016A004B2A6D /* Release */,
			);
			defaultConfigurationIsVisible = 0;
			defaultConfigurationName = Release;
		};
		28DA92C220D9016A004B2A6D /* Build configuration list for PBXNativeTarget "YT Music" */ = {
			isa = XCConfigurationList;
			buildConfigurations = (
				28DA92C320D9016A004B2A6D /* Debug */,
				28DA92C420D9016A004B2A6D /* Release */,
			);
			defaultConfigurationIsVisible = 0;
			defaultConfigurationName = Release;
		};
/* End XCConfigurationList section */
	};
	rootObject = 28DA92AA20D90169004B2A6D /* Project object */;
}
